
Microsoft Visual Studio Solution File, Format Version 12.00
# Visual Studio Version 17
VisualStudioVersion = 17.9.34728.123
MinimumVisualStudioVersion = 10.0.40219.1
Project("{FAE04EC0-301F-11D3-BF4B-00C04F79EFBC}") = "Kiwi", "Kiwi\Kiwi.csproj", "{13287745-D362-45EA-AFB5-8DF1EA1933E9}"
EndProject
Project("{FAE04EC0-301F-11D3-BF4B-00C04F79EFBC}") = "Shannan.Core", "Shannan.Core\Shannan.Core.csproj", "{03F2B477-FEE6-4E09-B4C9-F3E6B2D72D6F}"
EndProject
Project("{FAE04EC0-301F-11D3-BF4B-00C04F79EFBC}") = "Lynx", "Lynx\Lynx.csproj", "{02C6F7A1-BE95-4CE7-9AD8-625C2A199894}"
EndProject
Project("{9A19103F-16F7-4668-BE54-9A1E7A4F7556}") = "HomeAssist", "HomeAssist\HomeAssist.csproj", "{98394B29-58E9-408F-9327-157E2F0CB918}"
EndProject
Project("{FAE04EC0-301F-11D3-BF4B-00C04F79EFBC}") = "AnnSpider", "AnnSpider\AnnSpider.csproj", "{E5691EAD-195A-4228-8806-DD7E8E5B0F47}"
EndProject
Global
	GlobalSection(SolutionConfigurationPlatforms) = preSolution
		Debug|Any CPU = Debug|Any CPU
		Release|Any CPU = Release|Any CPU
	EndGlobalSection
	GlobalSection(ProjectConfigurationPlatforms) = postSolution
		{13287745-D362-45EA-AFB5-8DF1EA1933E9}.Debug|Any CPU.ActiveCfg = Debug|Any CPU
		{13287745-D362-45EA-AFB5-8DF1EA1933E9}.Debug|Any CPU.Build.0 = Debug|Any CPU
		{13287745-D362-45EA-AFB5-8DF1EA1933E9}.Release|Any CPU.ActiveCfg = Release|Any CPU
		{13287745-D362-45EA-AFB5-8DF1EA1933E9}.Release|Any CPU.Build.0 = Release|Any CPU
		{03F2B477-FEE6-4E09-B4C9-F3E6B2D72D6F}.Debug|Any CPU.ActiveCfg = Debug|Any CPU
		{03F2B477-FEE6-4E09-B4C9-F3E6B2D72D6F}.Debug|Any CPU.Build.0 = Debug|Any CPU
		{03F2B477-FEE6-4E09-B4C9-F3E6B2D72D6F}.Release|Any CPU.ActiveCfg = Release|Any CPU
		{03F2B477-FEE6-4E09-B4C9-F3E6B2D72D6F}.Release|Any CPU.Build.0 = Release|Any CPU
		{02C6F7A1-BE95-4CE7-9AD8-625C2A199894}.Debug|Any CPU.ActiveCfg = Debug|Any CPU
		{02C6F7A1-BE95-4CE7-9AD8-625C2A199894}.Debug|Any CPU.Build.0 = Debug|Any CPU
		{02C6F7A1-BE95-4CE7-9AD8-625C2A199894}.Release|Any CPU.ActiveCfg = Release|Any CPU
		{02C6F7A1-BE95-4CE7-9AD8-625C2A199894}.Release|Any CPU.Build.0 = Release|Any CPU
		{98394B29-58E9-408F-9327-157E2F0CB918}.Debug|Any CPU.ActiveCfg = Debug|Any CPU
		{98394B29-58E9-408F-9327-157E2F0CB918}.Debug|Any CPU.Build.0 = Debug|Any CPU
		{98394B29-58E9-408F-9327-157E2F0CB918}.Release|Any CPU.ActiveCfg = Release|Any CPU
		{98394B29-58E9-408F-9327-157E2F0CB918}.Release|Any CPU.Build.0 = Release|Any CPU
		{E5691EAD-195A-4228-8806-DD7E8E5B0F47}.Debug|Any CPU.ActiveCfg = Debug|Any CPU
		{E5691EAD-195A-4228-8806-DD7E8E5B0F47}.Debug|Any CPU.Build.0 = Debug|Any CPU
		{E5691EAD-195A-4228-8806-DD7E8E5B0F47}.Release|Any CPU.ActiveCfg = Release|Any CPU
		{E5691EAD-195A-4228-8806-DD7E8E5B0F47}.Release|Any CPU.Build.0 = Release|Any CPU
	EndGlobalSection
	GlobalSection(SolutionProperties) = preSolution
		HideSolutionNode = FALSE
	EndGlobalSection
	GlobalSection(ExtensibilityGlobals) = postSolution
		SolutionGuid = {38192AC4-A2CA-4227-A4AE-2A3815604A17}
	EndGlobalSection
EndGlobal
